// !$*UTF8*$!
{
	archiveVersion = 1;
	classes = {
	};
	objectVersion = 47;
	objects = {

/* Begin PBXBuildFile section */
		CE02AABA1B6F4BDA00EAEF10 /* KVNContrast.m in Sources */ = {isa = PBXBuildFile; fileRef = CE02AAA21B6F4BDA00EAEF10 /* KVNContrast.m */; };
		CE02AABB1B6F4BDA00EAEF10 /* UIImage+KVNEmpty.m in Sources */ = {isa = PBXBuildFile; fileRef = CE02AAA41B6F4BDA00EAEF10 /* UIImage+KVNEmpty.m */; };
		CE02AABC1B6F4BDA00EAEF10 /* UIImage+KVNImageEffects.m in Sources */ = {isa = PBXBuildFile; fileRef = CE02AAA61B6F4BDA00EAEF10 /* UIImage+KVNImageEffects.m */; };
		CE02AABD1B6F4BDA00EAEF10 /* KVNProgress.m in Sources */ = {isa = PBXBuildFile; fileRef = CE02AAA91B6F4BDA00EAEF10 /* KVNProgress.m */; };
		CE02AABE1B6F4BDA00EAEF10 /* KVNProgressConfiguration.m in Sources */ = {isa = PBXBuildFile; fileRef = CE02AAAB1B6F4BDA00EAEF10 /* KVNProgressConfiguration.m */; };
		CE02AAC51B6F4BDA00EAEF10 /* KVNProgressView.xib in Resources */ = {isa = PBXBuildFile; fileRef = CE02AAB81B6F4BDA00EAEF10 /* KVNProgressView.xib */; };
		CE02AAC81B6F58E500EAEF10 /* Settings.m in Sources */ = {isa = PBXBuildFile; fileRef = CE02AAC71B6F58E500EAEF10 /* Settings.m */; };
		CED81E961B6816BC00B84D0A /* main.m in Sources */ = {isa = PBXBuildFile; fileRef = CED81E951B6816BC00B84D0A /* main.m */; };
		CED81E991B6816BC00B84D0A /* AppDelegate.m in Sources */ = {isa = PBXBuildFile; fileRef = CED81E981B6816BC00B84D0A /* AppDelegate.m */; };
		CED81E9C1B6816BC00B84D0A /* Bash.xcdatamodeld in Sources */ = {isa = PBXBuildFile; fileRef = CED81E9A1B6816BC00B84D0A /* Bash.xcdatamodeld */; };
		CED81E9F1B6816BC00B84D0A /* ViewController.m in Sources */ = {isa = PBXBuildFile; fileRef = CED81E9E1B6816BC00B84D0A /* ViewController.m */; };
		CED81EB31B6816BC00B84D0A /* BashTests.m in Sources */ = {isa = PBXBuildFile; fileRef = CED81EB21B6816BC00B84D0A /* BashTests.m */; };
		CED81EF31B6816D500B84D0A /* LaunchScreen.xib in Resources */ = {isa = PBXBuildFile; fileRef = CED81EBE1B6816D500B84D0A /* LaunchScreen.xib */; };
		CED81EF51B6816D500B84D0A /* ConfigManager.m in Sources */ = {isa = PBXBuildFile; fileRef = CED81EC31B6816D500B84D0A /* ConfigManager.m */; };
		CED81F051B6816D500B84D0A /* EventCell.m in Sources */ = {isa = PBXBuildFile; fileRef = CED81EE41B6816D500B84D0A /* EventCell.m */; };
		CED81F061B6816D500B84D0A /* EventDetail.m in Sources */ = {isa = PBXBuildFile; fileRef = CED81EE61B6816D500B84D0A /* EventDetail.m */; };
		CED81F071B6816D500B84D0A /* Home.m in Sources */ = {isa = PBXBuildFile; fileRef = CED81EE81B6816D500B84D0A /* Home.m */; };
		CED81F081B6816D500B84D0A /* Images.xcassets in Resources */ = {isa = PBXBuildFile; fileRef = CED81EE91B6816D500B84D0A /* Images.xcassets */; };
		CED81F091B6816D500B84D0A /* Info.plist in Resources */ = {isa = PBXBuildFile; fileRef = CED81EEA1B6816D500B84D0A /* Info.plist */; };
		CED81F0A1B6816D500B84D0A /* Login.m in Sources */ = {isa = PBXBuildFile; fileRef = CED81EEC1B6816D500B84D0A /* Login.m */; };
		CED81F0C1B6816D500B84D0A /* main.storyboard in Resources */ = {isa = PBXBuildFile; fileRef = CED81EEE1B6816D500B84D0A /* main.storyboard */; };
		CED81F0D1B6816D500B84D0A /* MapPostsView.m in Sources */ = {isa = PBXBuildFile; fileRef = CED81EF01B6816D500B84D0A /* MapPostsView.m */; };
		CED81F0E1B6816D500B84D0A /* SignUp.m in Sources */ = {isa = PBXBuildFile; fileRef = CED81EF21B6816D500B84D0A /* SignUp.m */; };
		CED81F161B68184500B84D0A /* Bolts.framework in Frameworks */ = {isa = PBXBuildFile; fileRef = CED81F101B68184500B84D0A /* Bolts.framework */; };
		CED81F171B68184500B84D0A /* Parse.framework in Frameworks */ = {isa = PBXBuildFile; fileRef = CED81F111B68184500B84D0A /* Parse.framework */; };
		CED81F181B68184500B84D0A /* ParseCrashReporting.framework in Frameworks */ = {isa = PBXBuildFile; fileRef = CED81F121B68184500B84D0A /* ParseCrashReporting.framework */; };
		CED81F191B68184500B84D0A /* ParseFacebookUtils.framework in Frameworks */ = {isa = PBXBuildFile; fileRef = CED81F131B68184500B84D0A /* ParseFacebookUtils.framework */; };
		CED81F1A1B68184500B84D0A /* ParseFacebookUtilsV4.framework in Frameworks */ = {isa = PBXBuildFile; fileRef = CED81F141B68184500B84D0A /* ParseFacebookUtilsV4.framework */; };
		CED81F1B1B68184500B84D0A /* ParseUI.framework in Frameworks */ = {isa = PBXBuildFile; fileRef = CED81F151B68184500B84D0A /* ParseUI.framework */; };
		CED81F211B681A1800B84D0A /* EventTableView.m in Sources */ = {isa = PBXBuildFile; fileRef = CED81F201B681A1800B84D0A /* EventTableView.m */; };
		CED81F241B681A6700B84D0A /* UserProfile.m in Sources */ = {isa = PBXBuildFile; fileRef = CED81F231B681A6700B84D0A /* UserProfile.m */; };
		CED81F261B692B5300B84D0A /* CoreFoundation.framework in Frameworks */ = {isa = PBXBuildFile; fileRef = CED81F251B692B5300B84D0A /* CoreFoundation.framework */; };
		CED81F281B692B5800B84D0A /* CoreLocation.framework in Frameworks */ = {isa = PBXBuildFile; fileRef = CED81F271B692B5800B84D0A /* CoreLocation.framework */; };
		CED81F2A1B692B5F00B84D0A /* UIKit.framework in Frameworks */ = {isa = PBXBuildFile; fileRef = CED81F291B692B5F00B84D0A /* UIKit.framework */; };
		CED81F2C1B692B6700B84D0A /* QuartzCore.framework in Frameworks */ = {isa = PBXBuildFile; fileRef = CED81F2B1B692B6700B84D0A /* QuartzCore.framework */; };
		CED81F2E1B692B6D00B84D0A /* MapKit.framework in Frameworks */ = {isa = PBXBuildFile; fileRef = CED81F2D1B692B6D00B84D0A /* MapKit.framework */; };
		CED81F301B692BAC00B84D0A /* AudioToolbox.framework in Frameworks */ = {isa = PBXBuildFile; fileRef = CED81F2F1B692BAC00B84D0A /* AudioToolbox.framework */; };
		CED81F321B692BB600B84D0A /* CFNetwork.framework in Frameworks */ = {isa = PBXBuildFile; fileRef = CED81F311B692BB600B84D0A /* CFNetwork.framework */; };
		CED81F341B692BBF00B84D0A /* StoreKit.framework in Frameworks */ = {isa = PBXBuildFile; fileRef = CED81F331B692BBF00B84D0A /* StoreKit.framework */; };
		CED81F361B692BCF00B84D0A /* libz.dylib in Frameworks */ = {isa = PBXBuildFile; fileRef = CED81F351B692BCF00B84D0A /* libz.dylib */; };
		CED81F381B692BDE00B84D0A /* libsqlite3.dylib in Frameworks */ = {isa = PBXBuildFile; fileRef = CED81F371B692BDE00B84D0A /* libsqlite3.dylib */; };
		CED81F3A1B692BE900B84D0A /* Security.framework in Frameworks */ = {isa = PBXBuildFile; fileRef = CED81F391B692BE900B84D0A /* Security.framework */; };
		CED81F3C1B692BFB00B84D0A /* Accounts.framework in Frameworks */ = {isa = PBXBuildFile; fileRef = CED81F3B1B692BFB00B84D0A /* Accounts.framework */; };
		CED81F3E1B692C0100B84D0A /* Social.framework in Frameworks */ = {isa = PBXBuildFile; fileRef = CED81F3D1B692C0100B84D0A /* Social.framework */; };
		CED81F541B6AB3F100B84D0A /* compass_background@2x.png in Resources */ = {isa = PBXBuildFile; fileRef = CED81F431B6AB3F100B84D0A /* compass_background@2x.png */; };
		CED81F551B6AB3F100B84D0A /* compass_spinner@2x.png in Resources */ = {isa = PBXBuildFile; fileRef = CED81F441B6AB3F100B84D0A /* compass_spinner@2x.png */; };
		CED81F591B6AB3F100B84D0A /* JRAppDelegate.m in Sources */ = {isa = PBXBuildFile; fileRef = CED81F4B1B6AB3F100B84D0A /* JRAppDelegate.m */; };
		CED81F5A1B6AB3F100B84D0A /* JRTableViewController.m in Sources */ = {isa = PBXBuildFile; fileRef = CED81F4D1B6AB3F100B84D0A /* JRTableViewController.m */; };
		CED81F5B1B6AB3F100B84D0A /* JRViewController.m in Sources */ = {isa = PBXBuildFile; fileRef = CED81F4F1B6AB3F100B84D0A /* JRViewController.m */; };
		CED81F5D1B6AB3F100B84D0A /* map-background-fade@2x.png in Resources */ = {isa = PBXBuildFile; fileRef = CED81F511B6AB3F100B84D0A /* map-background-fade@2x.png */; };
		CED81F5E1B6AB3F100B84D0A /* map-background@2x.png in Resources */ = {isa = PBXBuildFile; fileRef = CED81F521B6AB3F100B84D0A /* map-background@2x.png */; };
		CED81F8F1B6AC79300B84D0A /* Chat.m in Sources */ = {isa = PBXBuildFile; fileRef = CED81F8E1B6AC79300B84D0A /* Chat.m */; };
		CED81F921B6AE85C00B84D0A /* Post.m in Sources */ = {isa = PBXBuildFile; fileRef = CED81F911B6AE85C00B84D0A /* Post.m */; };
		CED81F941B6B22A100B84D0A /* SystemConfiguration.framework in Frameworks */ = {isa = PBXBuildFile; fileRef = CED81F931B6B22A100B84D0A /* SystemConfiguration.framework */; };
		CED81F991B6B353800B84D0A /* User Male Filled@2x.png in Resources */ = {isa = PBXBuildFile; fileRef = CED81F951B6B353700B84D0A /* User Male Filled@2x.png */; };
		CED81F9A1B6B353800B84D0A /* User Male Filled.png in Resources */ = {isa = PBXBuildFile; fileRef = CED81F961B6B353700B84D0A /* User Male Filled.png */; };
		CED81F9B1B6B353800B84D0A /* Location Filled@2x.png in Resources */ = {isa = PBXBuildFile; fileRef = CED81F971B6B353700B84D0A /* Location Filled@2x.png */; };
		CED81F9C1B6B353800B84D0A /* Location Filled.png in Resources */ = {isa = PBXBuildFile; fileRef = CED81F981B6B353800B84D0A /* Location Filled.png */; };
		CED81F9E1B6BE67F00B84D0A /* Speech Bubble Filled-32.png in Resources */ = {isa = PBXBuildFile; fileRef = CED81F9D1B6BE67F00B84D0A /* Speech Bubble Filled-32.png */; };
		CEE145121B71A3C1009B17A8 /* Hideable.m in Sources */ = {isa = PBXBuildFile; fileRef = CEE145111B71A3C1009B17A8 /* Hideable.m */; };
/* End PBXBuildFile section */

/* Begin PBXContainerItemProxy section */
		CED81EAD1B6816BC00B84D0A /* PBXContainerItemProxy */ = {
			isa = PBXContainerItemProxy;
			containerPortal = CED81E881B6816BC00B84D0A /* Project object */;
			proxyType = 1;
			remoteGlobalIDString = CED81E8F1B6816BC00B84D0A;
			remoteInfo = Bash;
		};
/* End PBXContainerItemProxy section */

/* Begin PBXFileReference section */
		CE02AAA11B6F4BDA00EAEF10 /* KVNContrast.h */ = {isa = PBXFileReference; fileEncoding = 4; lastKnownFileType = sourcecode.c.h; path = KVNContrast.h; sourceTree = "<group>"; };
		CE02AAA21B6F4BDA00EAEF10 /* KVNContrast.m */ = {isa = PBXFileReference; fileEncoding = 4; lastKnownFileType = sourcecode.c.objc; path = KVNContrast.m; sourceTree = "<group>"; };
		CE02AAA31B6F4BDA00EAEF10 /* UIImage+KVNEmpty.h */ = {isa = PBXFileReference; fileEncoding = 4; lastKnownFileType = sourcecode.c.h; path = "UIImage+KVNEmpty.h"; sourceTree = "<group>"; };
		CE02AAA41B6F4BDA00EAEF10 /* UIImage+KVNEmpty.m */ = {isa = PBXFileReference; fileEncoding = 4; lastKnownFileType = sourcecode.c.objc; path = "UIImage+KVNEmpty.m"; sourceTree = "<group>"; };
		CE02AAA51B6F4BDA00EAEF10 /* UIImage+KVNImageEffects.h */ = {isa = PBXFileReference; fileEncoding = 4; lastKnownFileType = sourcecode.c.h; path = "UIImage+KVNImageEffects.h"; sourceTree = "<group>"; };
		CE02AAA61B6F4BDA00EAEF10 /* UIImage+KVNImageEffects.m */ = {isa = PBXFileReference; fileEncoding = 4; lastKnownFileType = sourcecode.c.objc; path = "UIImage+KVNImageEffects.m"; sourceTree = "<group>"; };
		CE02AAA81B6F4BDA00EAEF10 /* KVNProgress.h */ = {isa = PBXFileReference; fileEncoding = 4; lastKnownFileType = sourcecode.c.h; path = KVNProgress.h; sourceTree = "<group>"; };
		CE02AAA91B6F4BDA00EAEF10 /* KVNProgress.m */ = {isa = PBXFileReference; fileEncoding = 4; lastKnownFileType = sourcecode.c.objc; path = KVNProgress.m; sourceTree = "<group>"; };
		CE02AAAA1B6F4BDA00EAEF10 /* KVNProgressConfiguration.h */ = {isa = PBXFileReference; fileEncoding = 4; lastKnownFileType = sourcecode.c.h; path = KVNProgressConfiguration.h; sourceTree = "<group>"; };
		CE02AAAB1B6F4BDA00EAEF10 /* KVNProgressConfiguration.m */ = {isa = PBXFileReference; fileEncoding = 4; lastKnownFileType = sourcecode.c.objc; path = KVNProgressConfiguration.m; sourceTree = "<group>"; };
		CE02AAB81B6F4BDA00EAEF10 /* KVNProgressView.xib */ = {isa = PBXFileReference; fileEncoding = 4; lastKnownFileType = file.xib; path = KVNProgressView.xib; sourceTree = "<group>"; };
		CE02AAC61B6F58E500EAEF10 /* Settings.h */ = {isa = PBXFileReference; fileEncoding = 4; lastKnownFileType = sourcecode.c.h; path = Settings.h; sourceTree = "<group>"; };
		CE02AAC71B6F58E500EAEF10 /* Settings.m */ = {isa = PBXFileReference; fileEncoding = 4; lastKnownFileType = sourcecode.c.objc; path = Settings.m; sourceTree = "<group>"; };
		CED81E901B6816BC00B84D0A /* Bash.app */ = {isa = PBXFileReference; explicitFileType = wrapper.application; includeInIndex = 0; path = Bash.app; sourceTree = BUILT_PRODUCTS_DIR; };
		CED81E951B6816BC00B84D0A /* main.m */ = {isa = PBXFileReference; lastKnownFileType = sourcecode.c.objc; path = main.m; sourceTree = "<group>"; };
		CED81E971B6816BC00B84D0A /* AppDelegate.h */ = {isa = PBXFileReference; lastKnownFileType = sourcecode.c.h; path = AppDelegate.h; sourceTree = "<group>"; };
		CED81E981B6816BC00B84D0A /* AppDelegate.m */ = {isa = PBXFileReference; lastKnownFileType = sourcecode.c.objc; path = AppDelegate.m; sourceTree = "<group>"; };
		CED81E9B1B6816BC00B84D0A /* Bash.xcdatamodel */ = {isa = PBXFileReference; lastKnownFileType = wrapper.xcdatamodel; path = Bash.xcdatamodel; sourceTree = "<group>"; };
		CED81E9D1B6816BC00B84D0A /* ViewController.h */ = {isa = PBXFileReference; lastKnownFileType = sourcecode.c.h; path = ViewController.h; sourceTree = "<group>"; };
		CED81E9E1B6816BC00B84D0A /* ViewController.m */ = {isa = PBXFileReference; lastKnownFileType = sourcecode.c.objc; path = ViewController.m; sourceTree = "<group>"; };
		CED81EAC1B6816BC00B84D0A /* BashTests.xctest */ = {isa = PBXFileReference; explicitFileType = wrapper.cfbundle; includeInIndex = 0; path = BashTests.xctest; sourceTree = BUILT_PRODUCTS_DIR; };
		CED81EB21B6816BC00B84D0A /* BashTests.m */ = {isa = PBXFileReference; lastKnownFileType = sourcecode.c.objc; path = BashTests.m; sourceTree = "<group>"; };
		CED81EBF1B6816D500B84D0A /* Base */ = {isa = PBXFileReference; lastKnownFileType = file.xib; name = Base; path = Base.lproj/LaunchScreen.xib; sourceTree = "<group>"; };
		CED81EC21B6816D500B84D0A /* ConfigManager.h */ = {isa = PBXFileReference; fileEncoding = 4; lastKnownFileType = sourcecode.c.h; name = ConfigManager.h; path = ../../../../../ConfigManager.h; sourceTree = "<group>"; };
		CED81EC31B6816D500B84D0A /* ConfigManager.m */ = {isa = PBXFileReference; fileEncoding = 4; lastKnownFileType = sourcecode.c.objc; name = ConfigManager.m; path = ../../../../../ConfigManager.m; sourceTree = "<group>"; };
		CED81EC41B6816D500B84D0A /* Constants.h */ = {isa = PBXFileReference; fileEncoding = 4; lastKnownFileType = sourcecode.c.h; name = Constants.h; path = ../../../../../Constants.h; sourceTree = "<group>"; };
		CED81EE21B6816D500B84D0A /* Eagle.xcdatamodel */ = {isa = PBXFileReference; lastKnownFileType = wrapper.xcdatamodel; path = Eagle.xcdatamodel; sourceTree = "<group>"; };
		CED81EE31B6816D500B84D0A /* EventCell.h */ = {isa = PBXFileReference; fileEncoding = 4; lastKnownFileType = sourcecode.c.h; name = EventCell.h; path = ../../../../../EventCell.h; sourceTree = "<group>"; };
		CED81EE41B6816D500B84D0A /* EventCell.m */ = {isa = PBXFileReference; fileEncoding = 4; lastKnownFileType = sourcecode.c.objc; name = EventCell.m; path = ../../../../../EventCell.m; sourceTree = "<group>"; };
		CED81EE51B6816D500B84D0A /* EventDetail.h */ = {isa = PBXFileReference; fileEncoding = 4; lastKnownFileType = sourcecode.c.h; name = EventDetail.h; path = ../../../../../EventDetail.h; sourceTree = "<group>"; };
		CED81EE61B6816D500B84D0A /* EventDetail.m */ = {isa = PBXFileReference; fileEncoding = 4; lastKnownFileType = sourcecode.c.objc; name = EventDetail.m; path = ../../../../../EventDetail.m; sourceTree = "<group>"; };
		CED81EE71B6816D500B84D0A /* Home.h */ = {isa = PBXFileReference; fileEncoding = 4; lastKnownFileType = sourcecode.c.h; name = Home.h; path = ../../../../../Home.h; sourceTree = "<group>"; };
		CED81EE81B6816D500B84D0A /* Home.m */ = {isa = PBXFileReference; fileEncoding = 4; lastKnownFileType = sourcecode.c.objc; name = Home.m; path = ../../../../../Home.m; sourceTree = "<group>"; };
		CED81EE91B6816D500B84D0A /* Images.xcassets */ = {isa = PBXFileReference; lastKnownFileType = folder.assetcatalog; name = Images.xcassets; path = ../../../../../Images.xcassets; sourceTree = "<group>"; };
		CED81EEA1B6816D500B84D0A /* Info.plist */ = {isa = PBXFileReference; fileEncoding = 4; lastKnownFileType = text.plist.xml; path = Info.plist; sourceTree = "<group>"; };
		CED81EEB1B6816D500B84D0A /* Login.h */ = {isa = PBXFileReference; fileEncoding = 4; lastKnownFileType = sourcecode.c.h; name = Login.h; path = ../../../../../Login.h; sourceTree = "<group>"; };
		CED81EEC1B6816D500B84D0A /* Login.m */ = {isa = PBXFileReference; fileEncoding = 4; lastKnownFileType = sourcecode.c.objc; name = Login.m; path = ../../../../../Login.m; sourceTree = "<group>"; };
		CED81EEE1B6816D500B84D0A /* main.storyboard */ = {isa = PBXFileReference; fileEncoding = 4; lastKnownFileType = file.storyboard; name = main.storyboard; path = ../../../../../main.storyboard; sourceTree = "<group>"; };
		CED81EEF1B6816D500B84D0A /* MapPostsView.h */ = {isa = PBXFileReference; fileEncoding = 4; lastKnownFileType = sourcecode.c.h; name = MapPostsView.h; path = ../../../../../MapPostsView.h; sourceTree = "<group>"; };
		CED81EF01B6816D500B84D0A /* MapPostsView.m */ = {isa = PBXFileReference; fileEncoding = 4; lastKnownFileType = sourcecode.c.objc; name = MapPostsView.m; path = ../../../../../MapPostsView.m; sourceTree = "<group>"; };
		CED81EF11B6816D500B84D0A /* SignUp.h */ = {isa = PBXFileReference; fileEncoding = 4; lastKnownFileType = sourcecode.c.h; name = SignUp.h; path = ../../../../../SignUp.h; sourceTree = "<group>"; };
		CED81EF21B6816D500B84D0A /* SignUp.m */ = {isa = PBXFileReference; fileEncoding = 4; lastKnownFileType = sourcecode.c.objc; name = SignUp.m; path = ../../../../../SignUp.m; sourceTree = "<group>"; };
		CED81F101B68184500B84D0A /* Bolts.framework */ = {isa = PBXFileReference; lastKnownFileType = wrapper.framework; path = Bolts.framework; sourceTree = "<group>"; };
		CED81F111B68184500B84D0A /* Parse.framework */ = {isa = PBXFileReference; lastKnownFileType = wrapper.framework; path = Parse.framework; sourceTree = "<group>"; };
		CED81F121B68184500B84D0A /* ParseCrashReporting.framework */ = {isa = PBXFileReference; lastKnownFileType = wrapper.framework; path = ParseCrashReporting.framework; sourceTree = "<group>"; };
		CED81F131B68184500B84D0A /* ParseFacebookUtils.framework */ = {isa = PBXFileReference; lastKnownFileType = wrapper.framework; path = ParseFacebookUtils.framework; sourceTree = "<group>"; };
		CED81F141B68184500B84D0A /* ParseFacebookUtilsV4.framework */ = {isa = PBXFileReference; lastKnownFileType = wrapper.framework; path = ParseFacebookUtilsV4.framework; sourceTree = "<group>"; };
		CED81F151B68184500B84D0A /* ParseUI.framework */ = {isa = PBXFileReference; lastKnownFileType = wrapper.framework; path = ParseUI.framework; sourceTree = "<group>"; };
		CED81F1F1B681A1800B84D0A /* EventTableView.h */ = {isa = PBXFileReference; fileEncoding = 4; lastKnownFileType = sourcecode.c.h; path = EventTableView.h; sourceTree = "<group>"; };
		CED81F201B681A1800B84D0A /* EventTableView.m */ = {isa = PBXFileReference; fileEncoding = 4; lastKnownFileType = sourcecode.c.objc; path = EventTableView.m; sourceTree = "<group>"; };
		CED81F221B681A6700B84D0A /* UserProfile.h */ = {isa = PBXFileReference; fileEncoding = 4; lastKnownFileType = sourcecode.c.h; path = UserProfile.h; sourceTree = "<group>"; };
		CED81F231B681A6700B84D0A /* UserProfile.m */ = {isa = PBXFileReference; fileEncoding = 4; lastKnownFileType = sourcecode.c.objc; path = UserProfile.m; sourceTree = "<group>"; };
		CED81F251B692B5300B84D0A /* CoreFoundation.framework */ = {isa = PBXFileReference; lastKnownFileType = wrapper.framework; name = CoreFoundation.framework; path = System/Library/Frameworks/CoreFoundation.framework; sourceTree = SDKROOT; };
		CED81F271B692B5800B84D0A /* CoreLocation.framework */ = {isa = PBXFileReference; lastKnownFileType = wrapper.framework; name = CoreLocation.framework; path = System/Library/Frameworks/CoreLocation.framework; sourceTree = SDKROOT; };
		CED81F291B692B5F00B84D0A /* UIKit.framework */ = {isa = PBXFileReference; lastKnownFileType = wrapper.framework; name = UIKit.framework; path = System/Library/Frameworks/UIKit.framework; sourceTree = SDKROOT; };
		CED81F2B1B692B6700B84D0A /* QuartzCore.framework */ = {isa = PBXFileReference; lastKnownFileType = wrapper.framework; name = QuartzCore.framework; path = System/Library/Frameworks/QuartzCore.framework; sourceTree = SDKROOT; };
		CED81F2D1B692B6D00B84D0A /* MapKit.framework */ = {isa = PBXFileReference; lastKnownFileType = wrapper.framework; name = MapKit.framework; path = System/Library/Frameworks/MapKit.framework; sourceTree = SDKROOT; };
		CED81F2F1B692BAC00B84D0A /* AudioToolbox.framework */ = {isa = PBXFileReference; lastKnownFileType = wrapper.framework; name = AudioToolbox.framework; path = System/Library/Frameworks/AudioToolbox.framework; sourceTree = SDKROOT; };
		CED81F311B692BB600B84D0A /* CFNetwork.framework */ = {isa = PBXFileReference; lastKnownFileType = wrapper.framework; name = CFNetwork.framework; path = System/Library/Frameworks/CFNetwork.framework; sourceTree = SDKROOT; };
		CED81F331B692BBF00B84D0A /* StoreKit.framework */ = {isa = PBXFileReference; lastKnownFileType = wrapper.framework; name = StoreKit.framework; path = System/Library/Frameworks/StoreKit.framework; sourceTree = SDKROOT; };
		CED81F351B692BCF00B84D0A /* libz.dylib */ = {isa = PBXFileReference; lastKnownFileType = "compiled.mach-o.dylib"; name = libz.dylib; path = usr/lib/libz.dylib; sourceTree = SDKROOT; };
		CED81F371B692BDE00B84D0A /* libsqlite3.dylib */ = {isa = PBXFileReference; lastKnownFileType = "compiled.mach-o.dylib"; name = libsqlite3.dylib; path = usr/lib/libsqlite3.dylib; sourceTree = SDKROOT; };
		CED81F391B692BE900B84D0A /* Security.framework */ = {isa = PBXFileReference; lastKnownFileType = wrapper.framework; name = Security.framework; path = System/Library/Frameworks/Security.framework; sourceTree = SDKROOT; };
		CED81F3B1B692BFB00B84D0A /* Accounts.framework */ = {isa = PBXFileReference; lastKnownFileType = wrapper.framework; name = Accounts.framework; path = System/Library/Frameworks/Accounts.framework; sourceTree = SDKROOT; };
		CED81F3D1B692C0100B84D0A /* Social.framework */ = {isa = PBXFileReference; lastKnownFileType = wrapper.framework; name = Social.framework; path = System/Library/Frameworks/Social.framework; sourceTree = SDKROOT; };
		CED81F421B6AB3F100B84D0A /* Common.h */ = {isa = PBXFileReference; fileEncoding = 4; lastKnownFileType = sourcecode.c.h; path = Common.h; sourceTree = "<group>"; };
		CED81F431B6AB3F100B84D0A /* compass_background@2x.png */ = {isa = PBXFileReference; lastKnownFileType = image.png; path = "compass_background@2x.png"; sourceTree = "<group>"; };
		CED81F441B6AB3F100B84D0A /* compass_spinner@2x.png */ = {isa = PBXFileReference; lastKnownFileType = image.png; path = "compass_spinner@2x.png"; sourceTree = "<group>"; };
		CED81F461B6AB3F100B84D0A /* en */ = {isa = PBXFileReference; lastKnownFileType = text.plist.strings; name = en; path = en.lproj/InfoPlist.strings; sourceTree = "<group>"; };
		CED81F471B6AB3F100B84D0A /* Images.xcassets */ = {isa = PBXFileReference; lastKnownFileType = folder.assetcatalog; path = Images.xcassets; sourceTree = "<group>"; };
		CED81F481B6AB3F100B84D0A /* JackrabbitRefresh-Info.plist */ = {isa = PBXFileReference; fileEncoding = 4; lastKnownFileType = text.plist.xml; path = "JackrabbitRefresh-Info.plist"; sourceTree = "<group>"; };
		CED81F491B6AB3F100B84D0A /* JackrabbitRefresh-Prefix.pch */ = {isa = PBXFileReference; fileEncoding = 4; lastKnownFileType = sourcecode.c.h; path = "JackrabbitRefresh-Prefix.pch"; sourceTree = "<group>"; };
		CED81F4A1B6AB3F100B84D0A /* JRAppDelegate.h */ = {isa = PBXFileReference; fileEncoding = 4; lastKnownFileType = sourcecode.c.h; path = JRAppDelegate.h; sourceTree = "<group>"; };
		CED81F4B1B6AB3F100B84D0A /* JRAppDelegate.m */ = {isa = PBXFileReference; fileEncoding = 4; lastKnownFileType = sourcecode.c.objc; path = JRAppDelegate.m; sourceTree = "<group>"; };
		CED81F4C1B6AB3F100B84D0A /* JRTableViewController.h */ = {isa = PBXFileReference; fileEncoding = 4; lastKnownFileType = sourcecode.c.h; path = JRTableViewController.h; sourceTree = "<group>"; };
		CED81F4D1B6AB3F100B84D0A /* JRTableViewController.m */ = {isa = PBXFileReference; fileEncoding = 4; lastKnownFileType = sourcecode.c.objc; path = JRTableViewController.m; sourceTree = "<group>"; };
		CED81F4E1B6AB3F100B84D0A /* JRViewController.h */ = {isa = PBXFileReference; fileEncoding = 4; lastKnownFileType = sourcecode.c.h; path = JRViewController.h; sourceTree = "<group>"; };
		CED81F4F1B6AB3F100B84D0A /* JRViewController.m */ = {isa = PBXFileReference; fileEncoding = 4; lastKnownFileType = sourcecode.c.objc; path = JRViewController.m; sourceTree = "<group>"; };
		CED81F501B6AB3F100B84D0A /* main.m */ = {isa = PBXFileReference; fileEncoding = 4; lastKnownFileType = sourcecode.c.objc; path = main.m; sourceTree = "<group>"; };
		CED81F511B6AB3F100B84D0A /* map-background-fade@2x.png */ = {isa = PBXFileReference; lastKnownFileType = image.png; path = "map-background-fade@2x.png"; sourceTree = "<group>"; };
		CED81F521B6AB3F100B84D0A /* map-background@2x.png */ = {isa = PBXFileReference; lastKnownFileType = image.png; path = "map-background@2x.png"; sourceTree = "<group>"; };
		CED81F8D1B6AC79300B84D0A /* Chat.h */ = {isa = PBXFileReference; fileEncoding = 4; lastKnownFileType = sourcecode.c.h; path = Chat.h; sourceTree = "<group>"; };
		CED81F8E1B6AC79300B84D0A /* Chat.m */ = {isa = PBXFileReference; fileEncoding = 4; lastKnownFileType = sourcecode.c.objc; path = Chat.m; sourceTree = "<group>"; };
		CED81F901B6AE85C00B84D0A /* Post.h */ = {isa = PBXFileReference; fileEncoding = 4; lastKnownFileType = sourcecode.c.h; path = Post.h; sourceTree = "<group>"; };
		CED81F911B6AE85C00B84D0A /* Post.m */ = {isa = PBXFileReference; fileEncoding = 4; lastKnownFileType = sourcecode.c.objc; path = Post.m; sourceTree = "<group>"; };
		CED81F931B6B22A100B84D0A /* SystemConfiguration.framework */ = {isa = PBXFileReference; lastKnownFileType = wrapper.framework; name = SystemConfiguration.framework; path = System/Library/Frameworks/SystemConfiguration.framework; sourceTree = SDKROOT; };
		CED81F951B6B353700B84D0A /* User Male Filled@2x.png */ = {isa = PBXFileReference; lastKnownFileType = image.png; name = "User Male Filled@2x.png"; path = "../../../../../../../Downloads/User Male Filled@2x.png"; sourceTree = "<group>"; };
		CED81F961B6B353700B84D0A /* User Male Filled.png */ = {isa = PBXFileReference; lastKnownFileType = image.png; name = "User Male Filled.png"; path = "../../../../../../../Downloads/User Male Filled.png"; sourceTree = "<group>"; };
		CED81F971B6B353700B84D0A /* Location Filled@2x.png */ = {isa = PBXFileReference; lastKnownFileType = image.png; name = "Location Filled@2x.png"; path = "../../../../../../../Downloads/Location Filled@2x.png"; sourceTree = "<group>"; };
		CED81F981B6B353800B84D0A /* Location Filled.png */ = {isa = PBXFileReference; lastKnownFileType = image.png; name = "Location Filled.png"; path = "../../../../../../../Downloads/Location Filled.png"; sourceTree = "<group>"; };
		CED81F9D1B6BE67F00B84D0A /* Speech Bubble Filled-32.png */ = {isa = PBXFileReference; lastKnownFileType = image.png; name = "Speech Bubble Filled-32.png"; path = "../../../../../../../Downloads/Speech Bubble Filled-32.png"; sourceTree = "<group>"; };
		CEE145101B71A3C1009B17A8 /* Hideable.h */ = {isa = PBXFileReference; fileEncoding = 4; lastKnownFileType = sourcecode.c.h; path = Hideable.h; sourceTree = "<group>"; };
		CEE145111B71A3C1009B17A8 /* Hideable.m */ = {isa = PBXFileReference; fileEncoding = 4; lastKnownFileType = sourcecode.c.objc; path = Hideable.m; sourceTree = "<group>"; };
/* End PBXFileReference section */

/* Begin PBXFrameworksBuildPhase section */
		CED81E8D1B6816BC00B84D0A /* Frameworks */ = {
			isa = PBXFrameworksBuildPhase;
			buildActionMask = 2147483647;
			files = (
				CED81F941B6B22A100B84D0A /* SystemConfiguration.framework in Frameworks */,
				CED81F3E1B692C0100B84D0A /* Social.framework in Frameworks */,
				CED81F3C1B692BFB00B84D0A /* Accounts.framework in Frameworks */,
				CED81F341B692BBF00B84D0A /* StoreKit.framework in Frameworks */,
				CED81F3A1B692BE900B84D0A /* Security.framework in Frameworks */,
				CED81F381B692BDE00B84D0A /* libsqlite3.dylib in Frameworks */,
				CED81F361B692BCF00B84D0A /* libz.dylib in Frameworks */,
				CED81F321B692BB600B84D0A /* CFNetwork.framework in Frameworks */,
				CED81F301B692BAC00B84D0A /* AudioToolbox.framework in Frameworks */,
				CED81F2E1B692B6D00B84D0A /* MapKit.framework in Frameworks */,
				CED81F2C1B692B6700B84D0A /* QuartzCore.framework in Frameworks */,
				CED81F2A1B692B5F00B84D0A /* UIKit.framework in Frameworks */,
				CED81F281B692B5800B84D0A /* CoreLocation.framework in Frameworks */,
				CED81F261B692B5300B84D0A /* CoreFoundation.framework in Frameworks */,
				CED81F1B1B68184500B84D0A /* ParseUI.framework in Frameworks */,
				CED81F171B68184500B84D0A /* Parse.framework in Frameworks */,
				CED81F181B68184500B84D0A /* ParseCrashReporting.framework in Frameworks */,
				CED81F191B68184500B84D0A /* ParseFacebookUtils.framework in Frameworks */,
				CED81F161B68184500B84D0A /* Bolts.framework in Frameworks */,
				CED81F1A1B68184500B84D0A /* ParseFacebookUtilsV4.framework in Frameworks */,
			);
			runOnlyForDeploymentPostprocessing = 0;
		};
		CED81EA91B6816BC00B84D0A /* Frameworks */ = {
			isa = PBXFrameworksBuildPhase;
			buildActionMask = 2147483647;
			files = (
			);
			runOnlyForDeploymentPostprocessing = 0;
		};
/* End PBXFrameworksBuildPhase section */

/* Begin PBXGroup section */
		CE02AAA01B6F4BDA00EAEF10 /* Categories */ = {
			isa = PBXGroup;
			children = (
				CE02AAA11B6F4BDA00EAEF10 /* KVNContrast.h */,
				CE02AAA21B6F4BDA00EAEF10 /* KVNContrast.m */,
				CE02AAA31B6F4BDA00EAEF10 /* UIImage+KVNEmpty.h */,
				CE02AAA41B6F4BDA00EAEF10 /* UIImage+KVNEmpty.m */,
				CE02AAA51B6F4BDA00EAEF10 /* UIImage+KVNImageEffects.h */,
				CE02AAA61B6F4BDA00EAEF10 /* UIImage+KVNImageEffects.m */,
			);
			name = Categories;
			path = "../../../../../../../Downloads/KVNProgress-master-6/KVNProgress/Categories";
			sourceTree = "<group>";
		};
		CE02AAA71B6F4BDA00EAEF10 /* Classes */ = {
			isa = PBXGroup;
			children = (
				CE02AAA81B6F4BDA00EAEF10 /* KVNProgress.h */,
				CE02AAA91B6F4BDA00EAEF10 /* KVNProgress.m */,
				CE02AAAA1B6F4BDA00EAEF10 /* KVNProgressConfiguration.h */,
				CE02AAAB1B6F4BDA00EAEF10 /* KVNProgressConfiguration.m */,
			);
			name = Classes;
			path = "../../../../../../../Downloads/KVNProgress-master-6/KVNProgress/Classes";
			sourceTree = "<group>";
		};
		CE02AAB71B6F4BDA00EAEF10 /* Resources */ = {
			isa = PBXGroup;
			children = (
				CE02AAB81B6F4BDA00EAEF10 /* KVNProgressView.xib */,
			);
			name = Resources;
			path = "../../../../../../../Downloads/KVNProgress-master-6/KVNProgress/Resources";
			sourceTree = "<group>";
		};
		CED81E871B6816BC00B84D0A = {
			isa = PBXGroup;
			children = (
				CED81E921B6816BC00B84D0A /* Bash */,
				CED81EAF1B6816BC00B84D0A /* BashTests */,
				CED81E911B6816BC00B84D0A /* Products */,
			);
			sourceTree = "<group>";
		};
		CED81E911B6816BC00B84D0A /* Products */ = {
			isa = PBXGroup;
			children = (
				CED81E901B6816BC00B84D0A /* Bash.app */,
				CED81EAC1B6816BC00B84D0A /* BashTests.xctest */,
			);
			name = Products;
			sourceTree = "<group>";
		};
		CED81E921B6816BC00B84D0A /* Bash */ = {
			isa = PBXGroup;
			children = (
				CED81E971B6816BC00B84D0A /* AppDelegate.h */,
				CED81E981B6816BC00B84D0A /* AppDelegate.m */,
				CED81E9D1B6816BC00B84D0A /* ViewController.h */,
				CED81E9E1B6816BC00B84D0A /* ViewController.m */,
				CED81EBE1B6816D500B84D0A /* LaunchScreen.xib */,
				CED81EC21B6816D500B84D0A /* ConfigManager.h */,
				CED81EC31B6816D500B84D0A /* ConfigManager.m */,
				CED81EC41B6816D500B84D0A /* Constants.h */,
				CED81EE11B6816D500B84D0A /* Eagle.xcdatamodeld */,
				CED81EE31B6816D500B84D0A /* EventCell.h */,
				CED81EE41B6816D500B84D0A /* EventCell.m */,
				CED81F1F1B681A1800B84D0A /* EventTableView.h */,
				CED81F201B681A1800B84D0A /* EventTableView.m */,
				CEE145101B71A3C1009B17A8 /* Hideable.h */,
				CEE145111B71A3C1009B17A8 /* Hideable.m */,
				CED81F221B681A6700B84D0A /* UserProfile.h */,
				CED81F231B681A6700B84D0A /* UserProfile.m */,
				CED81EE51B6816D500B84D0A /* EventDetail.h */,
				CED81EE61B6816D500B84D0A /* EventDetail.m */,
				CED81EE71B6816D500B84D0A /* Home.h */,
				CED81EE81B6816D500B84D0A /* Home.m */,
				CED81EEB1B6816D500B84D0A /* Login.h */,
				CED81EEC1B6816D500B84D0A /* Login.m */,
				CE02AAC61B6F58E500EAEF10 /* Settings.h */,
				CE02AAC71B6F58E500EAEF10 /* Settings.m */,
				CED81EEE1B6816D500B84D0A /* main.storyboard */,
				CED81F8D1B6AC79300B84D0A /* Chat.h */,
				CED81F8E1B6AC79300B84D0A /* Chat.m */,
				CED81EEF1B6816D500B84D0A /* MapPostsView.h */,
				CED81EF01B6816D500B84D0A /* MapPostsView.m */,
				CED81F901B6AE85C00B84D0A /* Post.h */,
				CED81F911B6AE85C00B84D0A /* Post.m */,
				CED81EF11B6816D500B84D0A /* SignUp.h */,
				CED81EF21B6816D500B84D0A /* SignUp.m */,
				CE02AAA01B6F4BDA00EAEF10 /* Categories */,
				CE02AAA71B6F4BDA00EAEF10 /* Classes */,
				CE02AAB71B6F4BDA00EAEF10 /* Resources */,
				CED81EE91B6816D500B84D0A /* Images.xcassets */,
				CED81E9A1B6816BC00B84D0A /* Bash.xcdatamodeld */,
				CED81E931B6816BC00B84D0A /* Supporting Files */,
				CED81EBC1B6816D500B84D0A /* Eagle */,
			);
			path = Bash;
			sourceTree = "<group>";
		};
		CED81E931B6816BC00B84D0A /* Supporting Files */ = {
			isa = PBXGroup;
			children = (
				CED81F9D1B6BE67F00B84D0A /* Speech Bubble Filled-32.png */,
				CED81F951B6B353700B84D0A /* User Male Filled@2x.png */,
				CED81F961B6B353700B84D0A /* User Male Filled.png */,
				CED81F971B6B353700B84D0A /* Location Filled@2x.png */,
				CED81F981B6B353800B84D0A /* Location Filled.png */,
				CED81F3F1B6AB3F100B84D0A /* JackrabbitRefresh */,
				CED81F3D1B692C0100B84D0A /* Social.framework */,
				CED81F3B1B692BFB00B84D0A /* Accounts.framework */,
				CED81F391B692BE900B84D0A /* Security.framework */,
				CED81F371B692BDE00B84D0A /* libsqlite3.dylib */,
				CED81F351B692BCF00B84D0A /* libz.dylib */,
				CED81F331B692BBF00B84D0A /* StoreKit.framework */,
				CED81F311B692BB600B84D0A /* CFNetwork.framework */,
				CED81F2F1B692BAC00B84D0A /* AudioToolbox.framework */,
				CED81F2D1B692B6D00B84D0A /* MapKit.framework */,
				CED81F2B1B692B6700B84D0A /* QuartzCore.framework */,
				CED81F291B692B5F00B84D0A /* UIKit.framework */,
				CED81F271B692B5800B84D0A /* CoreLocation.framework */,
				CED81F251B692B5300B84D0A /* CoreFoundation.framework */,
				CED81F0F1B68184500B84D0A /* parse-library-1-3 */,
				CED81E951B6816BC00B84D0A /* main.m */,
			);
			name = "Supporting Files";
			sourceTree = "<group>";
		};
		CED81EAF1B6816BC00B84D0A /* BashTests */ = {
			isa = PBXGroup;
			children = (
				CED81EB21B6816BC00B84D0A /* BashTests.m */,
			);
			path = BashTests;
			sourceTree = "<group>";
		};
		CED81EBC1B6816D500B84D0A /* Eagle */ = {
			isa = PBXGroup;
			children = (
				CED81EEA1B6816D500B84D0A /* Info.plist */,
			);
			name = Eagle;
			path = ../../../../..;
			sourceTree = "<group>";
		};
		CED81F0F1B68184500B84D0A /* parse-library-1-3 */ = {
			isa = PBXGroup;
			children = (
				CED81F101B68184500B84D0A /* Bolts.framework */,
				CED81F111B68184500B84D0A /* Parse.framework */,
				CED81F121B68184500B84D0A /* ParseCrashReporting.framework */,
				CED81F131B68184500B84D0A /* ParseFacebookUtils.framework */,
				CED81F141B68184500B84D0A /* ParseFacebookUtilsV4.framework */,
				CED81F151B68184500B84D0A /* ParseUI.framework */,
			);
			name = "parse-library-1-3";
			path = "../../../../../../../Downloads/parse-library-1-3";
			sourceTree = "<group>";
		};
		CED81F3F1B6AB3F100B84D0A /* JackrabbitRefresh */ = {
			isa = PBXGroup;
			children = (
				CED81F421B6AB3F100B84D0A /* Common.h */,
				CED81F431B6AB3F100B84D0A /* compass_background@2x.png */,
				CED81F441B6AB3F100B84D0A /* compass_spinner@2x.png */,
				CED81F451B6AB3F100B84D0A /* InfoPlist.strings */,
				CED81F471B6AB3F100B84D0A /* Images.xcassets */,
				CED81F481B6AB3F100B84D0A /* JackrabbitRefresh-Info.plist */,
				CED81F491B6AB3F100B84D0A /* JackrabbitRefresh-Prefix.pch */,
				CED81F4A1B6AB3F100B84D0A /* JRAppDelegate.h */,
				CED81F4B1B6AB3F100B84D0A /* JRAppDelegate.m */,
				CED81F4C1B6AB3F100B84D0A /* JRTableViewController.h */,
				CED81F4D1B6AB3F100B84D0A /* JRTableViewController.m */,
				CED81F4E1B6AB3F100B84D0A /* JRViewController.h */,
				CED81F4F1B6AB3F100B84D0A /* JRViewController.m */,
				CED81F501B6AB3F100B84D0A /* main.m */,
				CED81F511B6AB3F100B84D0A /* map-background-fade@2x.png */,
				CED81F521B6AB3F100B84D0A /* map-background@2x.png */,
				CED81F931B6B22A100B84D0A /* SystemConfiguration.framework */,
			);
			name = JackrabbitRefresh;
			path = "../../../../../../../Downloads/JackrabbitRefresh-master-2/JackrabbitRefresh";
			sourceTree = "<group>";
		};
/* End PBXGroup section */

/* Begin PBXNativeTarget section */
		CED81E8F1B6816BC00B84D0A /* Bash */ = {
			isa = PBXNativeTarget;
			buildConfigurationList = CED81EB61B6816BC00B84D0A /* Build configuration list for PBXNativeTarget "Bash" */;
			buildPhases = (
				CED81E8C1B6816BC00B84D0A /* Sources */,
				CED81E8D1B6816BC00B84D0A /* Frameworks */,
				CED81E8E1B6816BC00B84D0A /* Resources */,
			);
			buildRules = (
			);
			dependencies = (
			);
			name = Bash;
			productName = Bash;
			productReference = CED81E901B6816BC00B84D0A /* Bash.app */;
			productType = "com.apple.product-type.application";
		};
		CED81EAB1B6816BC00B84D0A /* BashTests */ = {
			isa = PBXNativeTarget;
			buildConfigurationList = CED81EB91B6816BC00B84D0A /* Build configuration list for PBXNativeTarget "BashTests" */;
			buildPhases = (
				CED81EA81B6816BC00B84D0A /* Sources */,
				CED81EA91B6816BC00B84D0A /* Frameworks */,
				CED81EAA1B6816BC00B84D0A /* Resources */,
			);
			buildRules = (
			);
			dependencies = (
				CED81EAE1B6816BC00B84D0A /* PBXTargetDependency */,
			);
			name = BashTests;
			productName = BashTests;
			productReference = CED81EAC1B6816BC00B84D0A /* BashTests.xctest */;
			productType = "com.apple.product-type.bundle.unit-test";
		};
/* End PBXNativeTarget section */

/* Begin PBXProject section */
		CED81E881B6816BC00B84D0A /* Project object */ = {
			isa = PBXProject;
			attributes = {
				LastUpgradeCheck = 0640;
				ORGANIZATIONNAME = HackStack;
				TargetAttributes = {
					CED81E8F1B6816BC00B84D0A = {
						CreatedOnToolsVersion = 6.4;
						DevelopmentTeam = NEN2F7322A;
					};
					CED81EAB1B6816BC00B84D0A = {
						CreatedOnToolsVersion = 6.4;
						TestTargetID = CED81E8F1B6816BC00B84D0A;
					};
				};
			};
			buildConfigurationList = CED81E8B1B6816BC00B84D0A /* Build configuration list for PBXProject "Bash" */;
			compatibilityVersion = "Xcode 6.3";
			developmentRegion = English;
			hasScannedForEncodings = 0;
			knownRegions = (
				en,
				Base,
			);
			mainGroup = CED81E871B6816BC00B84D0A;
			productRefGroup = CED81E911B6816BC00B84D0A /* Products */;
			projectDirPath = "";
			projectRoot = "";
			targets = (
				CED81E8F1B6816BC00B84D0A /* Bash */,
				CED81EAB1B6816BC00B84D0A /* BashTests */,
			);
		};
/* End PBXProject section */

/* Begin PBXResourcesBuildPhase section */
		CED81E8E1B6816BC00B84D0A /* Resources */ = {
			isa = PBXResourcesBuildPhase;
			buildActionMask = 2147483647;
			files = (
				CED81F9C1B6B353800B84D0A /* Location Filled.png in Resources */,
				CED81F9B1B6B353800B84D0A /* Location Filled@2x.png in Resources */,
				CED81F5E1B6AB3F100B84D0A /* map-background@2x.png in Resources */,
				CED81F5D1B6AB3F100B84D0A /* map-background-fade@2x.png in Resources */,
				CED81F991B6B353800B84D0A /* User Male Filled@2x.png in Resources */,
				CED81F9E1B6BE67F00B84D0A /* Speech Bubble Filled-32.png in Resources */,
				CED81F081B6816D500B84D0A /* Images.xcassets in Resources */,
				CED81F9A1B6B353800B84D0A /* User Male Filled.png in Resources */,
				CED81F551B6AB3F100B84D0A /* compass_spinner@2x.png in Resources */,
				CED81F541B6AB3F100B84D0A /* compass_background@2x.png in Resources */,
				CED81F0C1B6816D500B84D0A /* main.storyboard in Resources */,
				CED81EF31B6816D500B84D0A /* LaunchScreen.xib in Resources */,
				CED81F091B6816D500B84D0A /* Info.plist in Resources */,
				CE02AAC51B6F4BDA00EAEF10 /* KVNProgressView.xib in Resources */,
			);
			runOnlyForDeploymentPostprocessing = 0;
		};
		CED81EAA1B6816BC00B84D0A /* Resources */ = {
			isa = PBXResourcesBuildPhase;
			buildActionMask = 2147483647;
			files = (
			);
			runOnlyForDeploymentPostprocessing = 0;
		};
/* End PBXResourcesBuildPhase section */

/* Begin PBXSourcesBuildPhase section */
		CED81E8C1B6816BC00B84D0A /* Sources */ = {
			isa = PBXSourcesBuildPhase;
			buildActionMask = 2147483647;
			files = (
				CED81F5A1B6AB3F100B84D0A /* JRTableViewController.m in Sources */,
				CE02AABE1B6F4BDA00EAEF10 /* KVNProgressConfiguration.m in Sources */,
				CEE145121B71A3C1009B17A8 /* Hideable.m in Sources */,
				CE02AABD1B6F4BDA00EAEF10 /* KVNProgress.m in Sources */,
				CED81F591B6AB3F100B84D0A /* JRAppDelegate.m in Sources */,
				CED81E991B6816BC00B84D0A /* AppDelegate.m in Sources */,
				CED81F0A1B6816D500B84D0A /* Login.m in Sources */,
				CED81F0D1B6816D500B84D0A /* MapPostsView.m in Sources */,
				CE02AABA1B6F4BDA00EAEF10 /* KVNContrast.m in Sources */,
				CED81E9C1B6816BC00B84D0A /* Bash.xcdatamodeld in Sources */,
				CED81F241B681A6700B84D0A /* UserProfile.m in Sources */,
				CED81F8F1B6AC79300B84D0A /* Chat.m in Sources */,
				CE02AAC81B6F58E500EAEF10 /* Settings.m in Sources */,
				CED81E9F1B6816BC00B84D0A /* ViewController.m in Sources */,
				CED81F071B6816D500B84D0A /* Home.m in Sources */,
				CE02AABC1B6F4BDA00EAEF10 /* UIImage+KVNImageEffects.m in Sources */,
				CED81F921B6AE85C00B84D0A /* Post.m in Sources */,
				CED81E961B6816BC00B84D0A /* main.m in Sources */,
				CED81F211B681A1800B84D0A /* EventTableView.m in Sources */,
				CE02AABB1B6F4BDA00EAEF10 /* UIImage+KVNEmpty.m in Sources */,
				CED81F061B6816D500B84D0A /* EventDetail.m in Sources */,
				CED81F0E1B6816D500B84D0A /* SignUp.m in Sources */,
				CED81F5B1B6AB3F100B84D0A /* JRViewController.m in Sources */,
				CED81F051B6816D500B84D0A /* EventCell.m in Sources */,
				CED81EF51B6816D500B84D0A /* ConfigManager.m in Sources */,
			);
			runOnlyForDeploymentPostprocessing = 0;
		};
		CED81EA81B6816BC00B84D0A /* Sources */ = {
			isa = PBXSourcesBuildPhase;
			buildActionMask = 2147483647;
			files = (
				CED81EB31B6816BC00B84D0A /* BashTests.m in Sources */,
			);
			runOnlyForDeploymentPostprocessing = 0;
		};
/* End PBXSourcesBuildPhase section */

/* Begin PBXTargetDependency section */
		CED81EAE1B6816BC00B84D0A /* PBXTargetDependency */ = {
			isa = PBXTargetDependency;
			target = CED81E8F1B6816BC00B84D0A /* Bash */;
			targetProxy = CED81EAD1B6816BC00B84D0A /* PBXContainerItemProxy */;
		};
/* End PBXTargetDependency section */

/* Begin PBXVariantGroup section */
		CED81EBE1B6816D500B84D0A /* LaunchScreen.xib */ = {
			isa = PBXVariantGroup;
			children = (
				CED81EBF1B6816D500B84D0A /* Base */,
			);
			name = LaunchScreen.xib;
			path = ../../../../..;
			sourceTree = "<group>";
		};
		CED81F451B6AB3F100B84D0A /* InfoPlist.strings */ = {
			isa = PBXVariantGroup;
			children = (
				CED81F461B6AB3F100B84D0A /* en */,
			);
			name = InfoPlist.strings;
			sourceTree = "<group>";
		};
/* End PBXVariantGroup section */

/* Begin XCBuildConfiguration section */
		CED81EB41B6816BC00B84D0A /* Debug */ = {
			isa = XCBuildConfiguration;
			buildSettings = {
				ALWAYS_SEARCH_USER_PATHS = NO;
				ARCHS = "$(ARCHS_STANDARD)";
				CLANG_CXX_LANGUAGE_STANDARD = "gnu++0x";
				CLANG_CXX_LIBRARY = "libc++";
				CLANG_ENABLE_MODULES = YES;
				CLANG_ENABLE_OBJC_ARC = YES;
				CLANG_WARN_BOOL_CONVERSION = YES;
				CLANG_WARN_CONSTANT_CONVERSION = YES;
				CLANG_WARN_DIRECT_OBJC_ISA_USAGE = YES_ERROR;
				CLANG_WARN_EMPTY_BODY = YES;
				CLANG_WARN_ENUM_CONVERSION = YES;
				CLANG_WARN_INT_CONVERSION = YES;
				CLANG_WARN_OBJC_ROOT_CLASS = YES_ERROR;
				CLANG_WARN_UNREACHABLE_CODE = YES;
				CLANG_WARN__DUPLICATE_METHOD_MATCH = YES;
				"CODE_SIGN_IDENTITY[sdk=iphoneos*]" = "iPhone Developer";
				COPY_PHASE_STRIP = NO;
				DEBUG_INFORMATION_FORMAT = "dwarf-with-dsym";
				ENABLE_STRICT_OBJC_MSGSEND = YES;
				GCC_C_LANGUAGE_STANDARD = gnu99;
				GCC_DYNAMIC_NO_PIC = NO;
				GCC_NO_COMMON_BLOCKS = YES;
				GCC_OPTIMIZATION_LEVEL = 0;
				GCC_PREPROCESSOR_DEFINITIONS = (
					"DEBUG=1",
					"$(inherited)",
				);
				GCC_SYMBOLS_PRIVATE_EXTERN = NO;
				GCC_WARN_64_TO_32_BIT_CONVERSION = YES;
				GCC_WARN_ABOUT_RETURN_TYPE = YES_ERROR;
				GCC_WARN_UNDECLARED_SELECTOR = YES;
				GCC_WARN_UNINITIALIZED_AUTOS = YES_AGGRESSIVE;
				GCC_WARN_UNUSED_FUNCTION = YES;
				GCC_WARN_UNUSED_VARIABLE = YES;
				IPHONEOS_DEPLOYMENT_TARGET = 8.4;
				MTL_ENABLE_DEBUG_INFO = YES;
				ONLY_ACTIVE_ARCH = YES;
				OTHER_LDFLAGS = "";
				SDKROOT = iphoneos;
				TARGETED_DEVICE_FAMILY = "1,2";
				VALID_ARCHS = "armv64 armv7 armv7s";
			};
			name = Debug;
		};
		CED81EB51B6816BC00B84D0A /* Release */ = {
			isa = XCBuildConfiguration;
			buildSettings = {
				ALWAYS_SEARCH_USER_PATHS = NO;
				ARCHS = "$(ARCHS_STANDARD)";
				CLANG_CXX_LANGUAGE_STANDARD = "gnu++0x";
				CLANG_CXX_LIBRARY = "libc++";
				CLANG_ENABLE_MODULES = YES;
				CLANG_ENABLE_OBJC_ARC = YES;
				CLANG_WARN_BOOL_CONVERSION = YES;
				CLANG_WARN_CONSTANT_CONVERSION = YES;
				CLANG_WARN_DIRECT_OBJC_ISA_USAGE = YES_ERROR;
				CLANG_WARN_EMPTY_BODY = YES;
				CLANG_WARN_ENUM_CONVERSION = YES;
				CLANG_WARN_INT_CONVERSION = YES;
				CLANG_WARN_OBJC_ROOT_CLASS = YES_ERROR;
				CLANG_WARN_UNREACHABLE_CODE = YES;
				CLANG_WARN__DUPLICATE_METHOD_MATCH = YES;
				"CODE_SIGN_IDENTITY[sdk=iphoneos*]" = "iPhone Developer";
				COPY_PHASE_STRIP = NO;
				DEBUG_INFORMATION_FORMAT = "dwarf-with-dsym";
				ENABLE_NS_ASSERTIONS = NO;
				ENABLE_STRICT_OBJC_MSGSEND = YES;
				GCC_C_LANGUAGE_STANDARD = gnu99;
				GCC_NO_COMMON_BLOCKS = YES;
				GCC_WARN_64_TO_32_BIT_CONVERSION = YES;
				GCC_WARN_ABOUT_RETURN_TYPE = YES_ERROR;
				GCC_WARN_UNDECLARED_SELECTOR = YES;
				GCC_WARN_UNINITIALIZED_AUTOS = YES_AGGRESSIVE;
				GCC_WARN_UNUSED_FUNCTION = YES;
				GCC_WARN_UNUSED_VARIABLE = YES;
				IPHONEOS_DEPLOYMENT_TARGET = 8.4;
				MTL_ENABLE_DEBUG_INFO = NO;
				ONLY_ACTIVE_ARCH = YES;
				OTHER_LDFLAGS = "";
				SDKROOT = iphoneos;
				TARGETED_DEVICE_FAMILY = "1,2";
				VALIDATE_PRODUCT = YES;
				VALID_ARCHS = "armv64 armv7 armv7s";
			};
			name = Release;
		};
		CED81EB71B6816BC00B84D0A /* Debug */ = {
			isa = XCBuildConfiguration;
			buildSettings = {
				ARCHS = "$(ARCHS_STANDARD)";
				ASSETCATALOG_COMPILER_APPICON_NAME = AppIcon;
				CODE_SIGN_IDENTITY = "iPhone Developer";
				FRAMEWORK_SEARCH_PATHS = (
					"$(inherited)",
					"/Users/user/Downloads/parse-library-1-3",
				);
				INFOPLIST_FILE = Bash/Info.plist;
				LD_RUNPATH_SEARCH_PATHS = "$(inherited) @executable_path/Frameworks";
				ONLY_ACTIVE_ARCH = YES;
				PRODUCT_NAME = "$(TARGET_NAME)";
				VALID_ARCHS = "armv64 armv7 armv7s";
			};
			name = Debug;
		};
		CED81EB81B6816BC00B84D0A /* Release */ = {
			isa = XCBuildConfiguration;
			buildSettings = {
				ARCHS = "$(ARCHS_STANDARD)";
				ASSETCATALOG_COMPILER_APPICON_NAME = AppIcon;
				CODE_SIGN_IDENTITY = "iPhone Developer";
				FRAMEWORK_SEARCH_PATHS = (
					"$(inherited)",
					"/Users/user/Downloads/parse-library-1-3",
				);
				INFOPLIST_FILE = Bash/Info.plist;
				LD_RUNPATH_SEARCH_PATHS = "$(inherited) @executable_path/Frameworks";
				ONLY_ACTIVE_ARCH = YES;
				PRODUCT_NAME = "$(TARGET_NAME)";
				VALID_ARCHS = "armv64 armv7 armv7s";
			};
			name = Release;
		};
		CED81EBA1B6816BC00B84D0A /* Debug */ = {
			isa = XCBuildConfiguration;
			buildSettings = {
				BUNDLE_LOADER = "$(TEST_HOST)";
				FRAMEWORK_SEARCH_PATHS = (
					"$(SDKROOT)/Developer/Library/Frameworks",
					"$(inherited)",
				);
				GCC_PREPROCESSOR_DEFINITIONS = (
					"DEBUG=1",
					"$(inherited)",
				);
				INFOPLIST_FILE = BashTests/Info.plist;
				LD_RUNPATH_SEARCH_PATHS = "$(inherited) @executable_path/Frameworks @loader_path/Frameworks";
				PRODUCT_NAME = "$(TARGET_NAME)";
				TEST_HOST = "$(BUILT_PRODUCTS_DIR)/Bash.app/Bash";
			};
			name = Debug;
		};
		CED81EBB1B6816BC00B84D0A /* Release */ = {
			isa = XCBuildConfiguration;
			buildSettings = {
				BUNDLE_LOADER = "$(TEST_HOST)";
				FRAMEWORK_SEARCH_PATHS = (
					"$(SDKROOT)/Developer/Library/Frameworks",
					"$(inherited)",
				);
				INFOPLIST_FILE = BashTests/Info.plist;
				LD_RUNPATH_SEARCH_PATHS = "$(inherited) @executable_path/Frameworks @loader_path/Frameworks";
				PRODUCT_NAME = "$(TARGET_NAME)";
				TEST_HOST = "$(BUILT_PRODUCTS_DIR)/Bash.app/Bash";
			};
			name = Release;
		};
/* End XCBuildConfiguration section */

/* Begin XCConfigurationList section */
		CED81E8B1B6816BC00B84D0A /* Build configuration list for PBXProject "Bash" */ = {
			isa = XCConfigurationList;
			buildConfigurations = (
				CED81EB41B6816BC00B84D0A /* Debug */,
				CED81EB51B6816BC00B84D0A /* Release */,
			);
			defaultConfigurationIsVisible = 0;
			defaultConfigurationName = Release;
		};
		CED81EB61B6816BC00B84D0A /* Build configuration list for PBXNativeTarget "Bash" */ = {
			isa = XCConfigurationList;
			buildConfigurations = (
				CED81EB71B6816BC00B84D0A /* Debug */,
				CED81EB81B6816BC00B84D0A /* Release */,
			);
			defaultConfigurationIsVisible = 0;
			defaultConfigurationName = Release;
		};
		CED81EB91B6816BC00B84D0A /* Build configuration list for PBXNativeTarget "BashTests" */ = {
			isa = XCConfigurationList;
			buildConfigurations = (
				CED81EBA1B6816BC00B84D0A /* Debug */,
				CED81EBB1B6816BC00B84D0A /* Release */,
			);
			defaultConfigurationIsVisible = 0;
			defaultConfigurationName = Release;
		};
/* End XCConfigurationList section */

/* Begin XCVersionGroup section */
		CED81E9A1B6816BC00B84D0A /* Bash.xcdatamodeld */ = {
			isa = XCVersionGroup;
			children = (
				CED81E9B1B6816BC00B84D0A /* Bash.xcdatamodel */,
			);
			currentVersion = CED81E9B1B6816BC00B84D0A /* Bash.xcdatamodel */;
			path = Bash.xcdatamodeld;
			sourceTree = "<group>";
			versionGroupType = wrapper.xcdatamodel;
		};
		CED81EE11B6816D500B84D0A /* Eagle.xcdatamodeld */ = {
			isa = XCVersionGroup;
			children = (
				CED81EE21B6816D500B84D0A /* Eagle.xcdatamodel */,
			);
			currentVersion = CED81EE21B6816D500B84D0A /* Eagle.xcdatamodel */;
			name = Eagle.xcdatamodeld;
			path = ../../../../../Eagle.xcdatamodeld;
			sourceTree = "<group>";
			versionGroupType = wrapper.xcdatamodel;
		};
/* End XCVersionGroup section */
	};
	rootObject = CED81E881B6816BC00B84D0A /* Project object */;
}
