// !$*UTF8*$!
{
	archiveVersion = 1;
	classes = {
	};
	objectVersion = 46;
	objects = {

/* Begin PBXBuildFile section */
		CE5568871B27F422007ED162 /* main.m in Sources */ = {isa = PBXBuildFile; fileRef = CE5568861B27F422007ED162 /* main.m */; };
		CE55688A1B27F422007ED162 /* AppDelegate.m in Sources */ = {isa = PBXBuildFile; fileRef = CE5568891B27F422007ED162 /* AppDelegate.m */; };
		CE55688D1B27F422007ED162 /* Table.xcdatamodeld in Sources */ = {isa = PBXBuildFile; fileRef = CE55688B1B27F422007ED162 /* Table.xcdatamodeld */; };
		CE5568901B27F422007ED162 /* ViewController.m in Sources */ = {isa = PBXBuildFile; fileRef = CE55688F1B27F422007ED162 /* ViewController.m */; };
		CE5568931B27F422007ED162 /* Main.storyboard in Resources */ = {isa = PBXBuildFile; fileRef = CE5568911B27F422007ED162 /* Main.storyboard */; };
		CE5568951B27F422007ED162 /* Images.xcassets in Resources */ = {isa = PBXBuildFile; fileRef = CE5568941B27F422007ED162 /* Images.xcassets */; };
		CE5568981B27F422007ED162 /* LaunchScreen.xib in Resources */ = {isa = PBXBuildFile; fileRef = CE5568961B27F422007ED162 /* LaunchScreen.xib */; };
		CE5568A41B27F422007ED162 /* TableTests.m in Sources */ = {isa = PBXBuildFile; fileRef = CE5568A31B27F422007ED162 /* TableTests.m */; };
		CE5568AF1B27F532007ED162 /* Table.m in Sources */ = {isa = PBXBuildFile; fileRef = CE5568AE1B27F532007ED162 /* Table.m */; };
/* End PBXBuildFile section */

/* Begin PBXContainerItemProxy section */
		CE55689E1B27F422007ED162 /* PBXContainerItemProxy */ = {
			isa = PBXContainerItemProxy;
			containerPortal = CE5568791B27F422007ED162 /* Project object */;
			proxyType = 1;
			remoteGlobalIDString = CE5568801B27F422007ED162;
			remoteInfo = Table;
		};
/* End PBXContainerItemProxy section */

/* Begin PBXFileReference section */
		CE5568811B27F422007ED162 /* Table.app */ = {isa = PBXFileReference; explicitFileType = wrapper.application; includeInIndex = 0; path = Table.app; sourceTree = BUILT_PRODUCTS_DIR; };
		CE5568851B27F422007ED162 /* Info.plist */ = {isa = PBXFileReference; lastKnownFileType = text.plist.xml; path = Info.plist; sourceTree = "<group>"; };
		CE5568861B27F422007ED162 /* main.m */ = {isa = PBXFileReference; lastKnownFileType = sourcecode.c.objc; path = main.m; sourceTree = "<group>"; };
		CE5568881B27F422007ED162 /* AppDelegate.h */ = {isa = PBXFileReference; lastKnownFileType = sourcecode.c.h; path = AppDelegate.h; sourceTree = "<group>"; };
		CE5568891B27F422007ED162 /* AppDelegate.m */ = {isa = PBXFileReference; lastKnownFileType = sourcecode.c.objc; path = AppDelegate.m; sourceTree = "<group>"; };
		CE55688C1B27F422007ED162 /* Table.xcdatamodel */ = {isa = PBXFileReference; lastKnownFileType = wrapper.xcdatamodel; path = Table.xcdatamodel; sourceTree = "<group>"; };
		CE55688E1B27F422007ED162 /* ViewController.h */ = {isa = PBXFileReference; lastKnownFileType = sourcecode.c.h; path = ViewController.h; sourceTree = "<group>"; };
		CE55688F1B27F422007ED162 /* ViewController.m */ = {isa = PBXFileReference; lastKnownFileType = sourcecode.c.objc; path = ViewController.m; sourceTree = "<group>"; };
		CE5568921B27F422007ED162 /* Base */ = {isa = PBXFileReference; lastKnownFileType = file.storyboard; name = Base; path = Base.lproj/Main.storyboard; sourceTree = "<group>"; };
		CE5568941B27F422007ED162 /* Images.xcassets */ = {isa = PBXFileReference; lastKnownFileType = folder.assetcatalog; path = Images.xcassets; sourceTree = "<group>"; };
		CE5568971B27F422007ED162 /* Base */ = {isa = PBXFileReference; lastKnownFileType = file.xib; name = Base; path = Base.lproj/LaunchScreen.xib; sourceTree = "<group>"; };
		CE55689D1B27F422007ED162 /* TableTests.xctest */ = {isa = PBXFileReference; explicitFileType = wrapper.cfbundle; includeInIndex = 0; path = TableTests.xctest; sourceTree = BUILT_PRODUCTS_DIR; };
		CE5568A21B27F422007ED162 /* Info.plist */ = {isa = PBXFileReference; lastKnownFileType = text.plist.xml; path = Info.plist; sourceTree = "<group>"; };
		CE5568A31B27F422007ED162 /* TableTests.m */ = {isa = PBXFileReference; lastKnownFileType = sourcecode.c.objc; path = TableTests.m; sourceTree = "<group>"; };
		CE5568AD1B27F531007ED162 /* Table.h */ = {isa = PBXFileReference; fileEncoding = 4; lastKnownFileType = sourcecode.c.h; path = Table.h; sourceTree = "<group>"; };
		CE5568AE1B27F532007ED162 /* Table.m */ = {isa = PBXFileReference; fileEncoding = 4; lastKnownFileType = sourcecode.c.objc; path = Table.m; sourceTree = "<group>"; };
/* End PBXFileReference section */

/* Begin PBXFrameworksBuildPhase section */
		CE55687E1B27F422007ED162 /* Frameworks */ = {
			isa = PBXFrameworksBuildPhase;
			buildActionMask = 2147483647;
			files = (
			);
			runOnlyForDeploymentPostprocessing = 0;
		};
		CE55689A1B27F422007ED162 /* Frameworks */ = {
			isa = PBXFrameworksBuildPhase;
			buildActionMask = 2147483647;
			files = (
			);
			runOnlyForDeploymentPostprocessing = 0;
		};
/* End PBXFrameworksBuildPhase section */

/* Begin PBXGroup section */
		CE5568781B27F422007ED162 = {
			isa = PBXGroup;
			children = (
				CE5568831B27F422007ED162 /* Table */,
				CE5568A01B27F422007ED162 /* TableTests */,
				CE5568821B27F422007ED162 /* Products */,
			);
			sourceTree = "<group>";
		};
		CE5568821B27F422007ED162 /* Products */ = {
			isa = PBXGroup;
			children = (
				CE5568811B27F422007ED162 /* Table.app */,
				CE55689D1B27F422007ED162 /* TableTests.xctest */,
			);
			name = Products;
			sourceTree = "<group>";
		};
		CE5568831B27F422007ED162 /* Table */ = {
			isa = PBXGroup;
			children = (
				CE5568881B27F422007ED162 /* AppDelegate.h */,
				CE5568891B27F422007ED162 /* AppDelegate.m */,
				CE55688E1B27F422007ED162 /* ViewController.h */,
				CE55688F1B27F422007ED162 /* ViewController.m */,
				CE5568AD1B27F531007ED162 /* Table.h */,
				CE5568AE1B27F532007ED162 /* Table.m */,
				CE5568911B27F422007ED162 /* Main.storyboard */,
				CE5568941B27F422007ED162 /* Images.xcassets */,
				CE5568961B27F422007ED162 /* LaunchScreen.xib */,
				CE55688B1B27F422007ED162 /* Table.xcdatamodeld */,
				CE5568841B27F422007ED162 /* Supporting Files */,
			);
			path = Table;
			sourceTree = "<group>";
		};
		CE5568841B27F422007ED162 /* Supporting Files */ = {
			isa = PBXGroup;
			children = (
				CE5568851B27F422007ED162 /* Info.plist */,
				CE5568861B27F422007ED162 /* main.m */,
			);
			name = "Supporting Files";
			sourceTree = "<group>";
		};
		CE5568A01B27F422007ED162 /* TableTests */ = {
			isa = PBXGroup;
			children = (
				CE5568A31B27F422007ED162 /* TableTests.m */,
				CE5568A11B27F422007ED162 /* Supporting Files */,
			);
			path = TableTests;
			sourceTree = "<group>";
		};
		CE5568A11B27F422007ED162 /* Supporting Files */ = {
			isa = PBXGroup;
			children = (
				CE5568A21B27F422007ED162 /* Info.plist */,
			);
			name = "Supporting Files";
			sourceTree = "<group>";
		};
/* End PBXGroup section */

/* Begin PBXNativeTarget section */
		CE5568801B27F422007ED162 /* Table */ = {
			isa = PBXNativeTarget;
			buildConfigurationList = CE5568A71B27F422007ED162 /* Build configuration list for PBXNativeTarget "Table" */;
			buildPhases = (
				CE55687D1B27F422007ED162 /* Sources */,
				CE55687E1B27F422007ED162 /* Frameworks */,
				CE55687F1B27F422007ED162 /* Resources */,
			);
			buildRules = (
			);
			dependencies = (
			);
			name = Table;
			productName = Table;
			productReference = CE5568811B27F422007ED162 /* Table.app */;
			productType = "com.apple.product-type.application";
		};
		CE55689C1B27F422007ED162 /* TableTests */ = {
			isa = PBXNativeTarget;
			buildConfigurationList = CE5568AA1B27F422007ED162 /* Build configuration list for PBXNativeTarget "TableTests" */;
			buildPhases = (
				CE5568991B27F422007ED162 /* Sources */,
				CE55689A1B27F422007ED162 /* Frameworks */,
				CE55689B1B27F422007ED162 /* Resources */,
			);
			buildRules = (
			);
			dependencies = (
				CE55689F1B27F422007ED162 /* PBXTargetDependency */,
			);
			name = TableTests;
			productName = TableTests;
			productReference = CE55689D1B27F422007ED162 /* TableTests.xctest */;
			productType = "com.apple.product-type.bundle.unit-test";
		};
/* End PBXNativeTarget section */

/* Begin PBXProject section */
		CE5568791B27F422007ED162 /* Project object */ = {
			isa = PBXProject;
			attributes = {
				LastUpgradeCheck = 0630;
				ORGANIZATIONNAME = HackStack;
				TargetAttributes = {
					CE5568801B27F422007ED162 = {
						CreatedOnToolsVersion = 6.3.1;
					};
					CE55689C1B27F422007ED162 = {
						CreatedOnToolsVersion = 6.3.1;
						TestTargetID = CE5568801B27F422007ED162;
					};
				};
			};
			buildConfigurationList = CE55687C1B27F422007ED162 /* Build configuration list for PBXProject "Table" */;
			compatibilityVersion = "Xcode 3.2";
			developmentRegion = English;
			hasScannedForEncodings = 0;
			knownRegions = (
				en,
				Base,
			);
			mainGroup = CE5568781B27F422007ED162;
			productRefGroup = CE5568821B27F422007ED162 /* Products */;
			projectDirPath = "";
			projectRoot = "";
			targets = (
				CE5568801B27F422007ED162 /* Table */,
				CE55689C1B27F422007ED162 /* TableTests */,
			);
		};
/* End PBXProject section */

/* Begin PBXResourcesBuildPhase section */
		CE55687F1B27F422007ED162 /* Resources */ = {
			isa = PBXResourcesBuildPhase;
			buildActionMask = 2147483647;
			files = (
				CE5568931B27F422007ED162 /* Main.storyboard in Resources */,
				CE5568981B27F422007ED162 /* LaunchScreen.xib in Resources */,
				CE5568951B27F422007ED162 /* Images.xcassets in Resources */,
			);
			runOnlyForDeploymentPostprocessing = 0;
		};
		CE55689B1B27F422007ED162 /* Resources */ = {
			isa = PBXResourcesBuildPhase;
			buildActionMask = 2147483647;
			files = (
			);
			runOnlyForDeploymentPostprocessing = 0;
		};
/* End PBXResourcesBuildPhase section */

/* Begin PBXSourcesBuildPhase section */
		CE55687D1B27F422007ED162 /* Sources */ = {
			isa = PBXSourcesBuildPhase;
			buildActionMask = 2147483647;
			files = (
				CE5568AF1B27F532007ED162 /* Table.m in Sources */,
				CE55688A1B27F422007ED162 /* AppDelegate.m in Sources */,
				CE5568871B27F422007ED162 /* main.m in Sources */,
				CE5568901B27F422007ED162 /* ViewController.m in Sources */,
				CE55688D1B27F422007ED162 /* Table.xcdatamodeld in Sources */,
			);
			runOnlyForDeploymentPostprocessing = 0;
		};
		CE5568991B27F422007ED162 /* Sources */ = {
			isa = PBXSourcesBuildPhase;
			buildActionMask = 2147483647;
			files = (
				CE5568A41B27F422007ED162 /* TableTests.m in Sources */,
			);
			runOnlyForDeploymentPostprocessing = 0;
		};
/* End PBXSourcesBuildPhase section */

/* Begin PBXTargetDependency section */
		CE55689F1B27F422007ED162 /* PBXTargetDependency */ = {
			isa = PBXTargetDependency;
			target = CE5568801B27F422007ED162 /* Table */;
			targetProxy = CE55689E1B27F422007ED162 /* PBXContainerItemProxy */;
		};
/* End PBXTargetDependency section */

/* Begin PBXVariantGroup section */
		CE5568911B27F422007ED162 /* Main.storyboard */ = {
			isa = PBXVariantGroup;
			children = (
				CE5568921B27F422007ED162 /* Base */,
			);
			name = Main.storyboard;
			sourceTree = "<group>";
		};
		CE5568961B27F422007ED162 /* LaunchScreen.xib */ = {
			isa = PBXVariantGroup;
			children = (
				CE5568971B27F422007ED162 /* Base */,
			);
			name = LaunchScreen.xib;
			sourceTree = "<group>";
		};
/* End PBXVariantGroup section */

/* Begin XCBuildConfiguration section */
		CE5568A51B27F422007ED162 /* Debug */ = {
			isa = XCBuildConfiguration;
			buildSettings = {
				ALWAYS_SEARCH_USER_PATHS = NO;
				CLANG_CXX_LANGUAGE_STANDARD = "gnu++0x";
				CLANG_CXX_LIBRARY = "libc++";
				CLANG_ENABLE_MODULES = YES;
				CLANG_ENABLE_OBJC_ARC = YES;
				CLANG_WARN_BOOL_CONVERSION = YES;
				CLANG_WARN_CONSTANT_CONVERSION = YES;
				CLANG_WARN_DIRECT_OBJC_ISA_USAGE = YES_ERROR;
				CLANG_WARN_EMPTY_BODY = YES;
				CLANG_WARN_ENUM_CONVERSION = YES;
				CLANG_WARN_INT_CONVERSION = YES;
				CLANG_WARN_OBJC_ROOT_CLASS = YES_ERROR;
				CLANG_WARN_UNREACHABLE_CODE = YES;
				CLANG_WARN__DUPLICATE_METHOD_MATCH = YES;
				"CODE_SIGN_IDENTITY[sdk=iphoneos*]" = "iPhone Developer";
				COPY_PHASE_STRIP = NO;
				DEBUG_INFORMATION_FORMAT = "dwarf-with-dsym";
				ENABLE_STRICT_OBJC_MSGSEND = YES;
				GCC_C_LANGUAGE_STANDARD = gnu99;
				GCC_DYNAMIC_NO_PIC = NO;
				GCC_NO_COMMON_BLOCKS = YES;
				GCC_OPTIMIZATION_LEVEL = 0;
				GCC_PREPROCESSOR_DEFINITIONS = (
					"DEBUG=1",
					"$(inherited)",
				);
				GCC_SYMBOLS_PRIVATE_EXTERN = NO;
				GCC_WARN_64_TO_32_BIT_CONVERSION = YES;
				GCC_WARN_ABOUT_RETURN_TYPE = YES_ERROR;
				GCC_WARN_UNDECLARED_SELECTOR = YES;
				GCC_WARN_UNINITIALIZED_AUTOS = YES_AGGRESSIVE;
				GCC_WARN_UNUSED_FUNCTION = YES;
				GCC_WARN_UNUSED_VARIABLE = YES;
				IPHONEOS_DEPLOYMENT_TARGET = 8.3;
				MTL_ENABLE_DEBUG_INFO = YES;
				ONLY_ACTIVE_ARCH = YES;
				SDKROOT = iphoneos;
			};
			name = Debug;
		};
		CE5568A61B27F422007ED162 /* Release */ = {
			isa = XCBuildConfiguration;
			buildSettings = {
				ALWAYS_SEARCH_USER_PATHS = NO;
				CLANG_CXX_LANGUAGE_STANDARD = "gnu++0x";
				CLANG_CXX_LIBRARY = "libc++";
				CLANG_ENABLE_MODULES = YES;
				CLANG_ENABLE_OBJC_ARC = YES;
				CLANG_WARN_BOOL_CONVERSION = YES;
				CLANG_WARN_CONSTANT_CONVERSION = YES;
				CLANG_WARN_DIRECT_OBJC_ISA_USAGE = YES_ERROR;
				CLANG_WARN_EMPTY_BODY = YES;
				CLANG_WARN_ENUM_CONVERSION = YES;
				CLANG_WARN_INT_CONVERSION = YES;
				CLANG_WARN_OBJC_ROOT_CLASS = YES_ERROR;
				CLANG_WARN_UNREACHABLE_CODE = YES;
				CLANG_WARN__DUPLICATE_METHOD_MATCH = YES;
				"CODE_SIGN_IDENTITY[sdk=iphoneos*]" = "iPhone Developer";
				COPY_PHASE_STRIP = NO;
				DEBUG_INFORMATION_FORMAT = "dwarf-with-dsym";
				ENABLE_NS_ASSERTIONS = NO;
				ENABLE_STRICT_OBJC_MSGSEND = YES;
				GCC_C_LANGUAGE_STANDARD = gnu99;
				GCC_NO_COMMON_BLOCKS = YES;
				GCC_WARN_64_TO_32_BIT_CONVERSION = YES;
				GCC_WARN_ABOUT_RETURN_TYPE = YES_ERROR;
				GCC_WARN_UNDECLARED_SELECTOR = YES;
				GCC_WARN_UNINITIALIZED_AUTOS = YES_AGGRESSIVE;
				GCC_WARN_UNUSED_FUNCTION = YES;
				GCC_WARN_UNUSED_VARIABLE = YES;
				IPHONEOS_DEPLOYMENT_TARGET = 8.3;
				MTL_ENABLE_DEBUG_INFO = NO;
				SDKROOT = iphoneos;
				VALIDATE_PRODUCT = YES;
			};
			name = Release;
		};
		CE5568A81B27F422007ED162 /* Debug */ = {
			isa = XCBuildConfiguration;
			buildSettings = {
				ASSETCATALOG_COMPILER_APPICON_NAME = AppIcon;
				INFOPLIST_FILE = Table/Info.plist;
				LD_RUNPATH_SEARCH_PATHS = "$(inherited) @executable_path/Frameworks";
				PRODUCT_NAME = "$(TARGET_NAME)";
			};
			name = Debug;
		};
		CE5568A91B27F422007ED162 /* Release */ = {
			isa = XCBuildConfiguration;
			buildSettings = {
				ASSETCATALOG_COMPILER_APPICON_NAME = AppIcon;
				INFOPLIST_FILE = Table/Info.plist;
				LD_RUNPATH_SEARCH_PATHS = "$(inherited) @executable_path/Frameworks";
				PRODUCT_NAME = "$(TARGET_NAME)";
			};
			name = Release;
		};
		CE5568AB1B27F422007ED162 /* Debug */ = {
			isa = XCBuildConfiguration;
			buildSettings = {
				BUNDLE_LOADER = "$(TEST_HOST)";
				FRAMEWORK_SEARCH_PATHS = (
					"$(SDKROOT)/Developer/Library/Frameworks",
					"$(inherited)",
				);
				GCC_PREPROCESSOR_DEFINITIONS = (
					"DEBUG=1",
					"$(inherited)",
				);
				INFOPLIST_FILE = TableTests/Info.plist;
				LD_RUNPATH_SEARCH_PATHS = "$(inherited) @executable_path/Frameworks @loader_path/Frameworks";
				PRODUCT_NAME = "$(TARGET_NAME)";
				TEST_HOST = "$(BUILT_PRODUCTS_DIR)/Table.app/Table";
			};
			name = Debug;
		};
		CE5568AC1B27F422007ED162 /* Release */ = {
			isa = XCBuildConfiguration;
			buildSettings = {
				BUNDLE_LOADER = "$(TEST_HOST)";
				FRAMEWORK_SEARCH_PATHS = (
					"$(SDKROOT)/Developer/Library/Frameworks",
					"$(inherited)",
				);
				INFOPLIST_FILE = TableTests/Info.plist;
				LD_RUNPATH_SEARCH_PATHS = "$(inherited) @executable_path/Frameworks @loader_path/Frameworks";
				PRODUCT_NAME = "$(TARGET_NAME)";
				TEST_HOST = "$(BUILT_PRODUCTS_DIR)/Table.app/Table";
			};
			name = Release;
		};
/* End XCBuildConfiguration section */

/* Begin XCConfigurationList section */
		CE55687C1B27F422007ED162 /* Build configuration list for PBXProject "Table" */ = {
			isa = XCConfigurationList;
			buildConfigurations = (
				CE5568A51B27F422007ED162 /* Debug */,
				CE5568A61B27F422007ED162 /* Release */,
			);
			defaultConfigurationIsVisible = 0;
			defaultConfigurationName = Release;
		};
		CE5568A71B27F422007ED162 /* Build configuration list for PBXNativeTarget "Table" */ = {
			isa = XCConfigurationList;
			buildConfigurations = (
				CE5568A81B27F422007ED162 /* Debug */,
				CE5568A91B27F422007ED162 /* Release */,
			);
			defaultConfigurationIsVisible = 0;
		};
		CE5568AA1B27F422007ED162 /* Build configuration list for PBXNativeTarget "TableTests" */ = {
			isa = XCConfigurationList;
			buildConfigurations = (
				CE5568AB1B27F422007ED162 /* Debug */,
				CE5568AC1B27F422007ED162 /* Release */,
			);
			defaultConfigurationIsVisible = 0;
		};
/* End XCConfigurationList section */

/* Begin XCVersionGroup section */
		CE55688B1B27F422007ED162 /* Table.xcdatamodeld */ = {
			isa = XCVersionGroup;
			children = (
				CE55688C1B27F422007ED162 /* Table.xcdatamodel */,
			);
			currentVersion = CE55688C1B27F422007ED162 /* Table.xcdatamodel */;
			path = Table.xcdatamodeld;
			sourceTree = "<group>";
			versionGroupType = wrapper.xcdatamodel;
		};
/* End XCVersionGroup section */
	};
	rootObject = CE5568791B27F422007ED162 /* Project object */;
}
